{
  "nodes": {
    "home-manager": {
      "inputs": {
        "nixpkgs": [
          "stable"
        ]
      },
      "locked": {
        "lastModified": 1623778055,
        "narHash": "sha256-Ff2oCuprlJ1LVvu+UZ7yy1PrKHWhLqk4ksZlDKjFFc4=",
        "owner": "rycee",
        "repo": "home-manager",
        "rev": "9b39fd7eb4468781ac0e72c32fc5f86bc9f0f7ea",
        "type": "github"
      },
      "original": {
        "owner": "rycee",
        "ref": "master",
        "repo": "home-manager",
        "type": "github"
      }
    },
    "master": {
      "locked": {
        "lastModified": 1623915878,
        "narHash": "sha256-jRNHeVsbSVfXXP1VjM2vqlYjOgIp3Fu/9IbM9agrjBo=",
        "owner": "nixos",
        "repo": "nixpkgs",
        "rev": "bb4697102b18ff2b45240ef2f4260901c6812205",
        "type": "github"
      },
      "original": {
        "owner": "nixos",
        "ref": "master",
        "repo": "nixpkgs",
        "type": "github"
      }
    },
    "root": {
      "inputs": {
        "home-manager": "home-manager",
        "master": "master",
        "stable": "stable",
        "unstable": "unstable"
      }
    },
    "stable": {
      "locked": {
        "lastModified": 1623576761,
        "narHash": "sha256-krXZQ0lObduC95f40K3JwIT//VIBpXBwVNclqh5njtE=",
        "owner": "nixos",
        "repo": "nixpkgs",
        "rev": "1f91fd1040667e9265a760b0347f8bc416249da7",
        "type": "github"
      },
      "original": {
        "owner": "nixos",
        "ref": "nixos-21.05",
        "repo": "nixpkgs",
        "type": "github"
      }
    },
    "unstable": {
      "locked": {
        "lastModified": 1623580589,
        "narHash": "sha256-Ayp1cjXpwFCkAiWUE46rj9APTltsiEBdIs2+cj+U7+c=",
        "owner": "nixos",
        "repo": "nixpkgs",
        "rev": "fa0326ce5233f7d592271df52c9d0812bec47b84",
        "type": "github"
      },
      "original": {
        "owner": "nixos",
        "ref": "nixos-unstable",
        "repo": "nixpkgs",
        "type": "github"
      }
    }
  },
  "root": "root",
  "version": 7
}
